
Microsoft Visual Studio Solution File, Format Version 12.00
# Visual Studio Version 16
VisualStudioVersion = 16.0.31205.134
MinimumVisualStudioVersion = 10.0.40219.1
Project("{FAE04EC0-301F-11D3-BF4B-00C04F79EFBC}") = "custom-calc", "custom-calc.csproj", "{674BC8C8-1738-4D3C-A561-1AA71D5F3923}"
EndProject
Global
	GlobalSection(SolutionConfigurationPlatforms) = preSolution
		Debug|Any CPU = Debug|Any CPU
		Release|Any CPU = Release|Any CPU
	EndGlobalSection
	GlobalSection(ProjectConfigurationPlatforms) = postSolution
		{674BC8C8-1738-4D3C-A561-1AA71D5F3923}.Debug|Any CPU.ActiveCfg = Debug|Any CPU
		{674BC8C8-1738-4D3C-A561-1AA71D5F3923}.Debug|Any CPU.Build.0 = Debug|Any CPU
		{674BC8C8-1738-4D3C-A561-1AA71D5F3923}.Release|Any CPU.ActiveCfg = Release|Any CPU
		{674BC8C8-1738-4D3C-A561-1AA71D5F3923}.Release|Any CPU.Build.0 = Release|Any CPU
	EndGlobalSection
	GlobalSection(SolutionProperties) = preSolution
		HideSolutionNode = FALSE
	EndGlobalSection
	GlobalSection(ExtensibilityGlobals) = postSolution
		SolutionGuid = {14F79781-6E72-4794-9BC2-1731CC8FC6CA}
	EndGlobalSection
EndGlobal
